// !$*UTF8*$!
{
	archiveVersion = 1;
	classes = {
	};
	objectVersion = 56;
	objects = {

/* Begin PBXBuildFile section */
		FC1E10042B5DA367003CE9D8 /* LocationPrayerTimesViewController.swift in Sources */ = {isa = PBXBuildFile; fileRef = FC1E10032B5DA367003CE9D8 /* LocationPrayerTimesViewController.swift */; };
		FC1E10062B5EBB82003CE9D8 /* HomeScreenView.swift in Sources */ = {isa = PBXBuildFile; fileRef = FC1E10052B5EBB82003CE9D8 /* HomeScreenView.swift */; };
		FCA26FCF2B573A3B00A059D0 /* AppDelegate.swift in Sources */ = {isa = PBXBuildFile; fileRef = FCA26FCE2B573A3B00A059D0 /* AppDelegate.swift */; };
		FCA26FD12B573A3B00A059D0 /* SceneDelegate.swift in Sources */ = {isa = PBXBuildFile; fileRef = FCA26FD02B573A3B00A059D0 /* SceneDelegate.swift */; };
		FCA26FD32B573A3B00A059D0 /* ViewController.swift in Sources */ = {isa = PBXBuildFile; fileRef = FCA26FD22B573A3B00A059D0 /* ViewController.swift */; };
		FCA26FD62B573A3B00A059D0 /* Main.storyboard in Resources */ = {isa = PBXBuildFile; fileRef = FCA26FD42B573A3B00A059D0 /* Main.storyboard */; };
		FCA26FD92B573A3B00A059D0 /* PrayerTimes.xcdatamodeld in Sources */ = {isa = PBXBuildFile; fileRef = FCA26FD72B573A3B00A059D0 /* PrayerTimes.xcdatamodeld */; };
		FCA26FDB2B573A3C00A059D0 /* Assets.xcassets in Resources */ = {isa = PBXBuildFile; fileRef = FCA26FDA2B573A3C00A059D0 /* Assets.xcassets */; };
		FCA26FDE2B573A3C00A059D0 /* LaunchScreen.storyboard in Resources */ = {isa = PBXBuildFile; fileRef = FCA26FDC2B573A3C00A059D0 /* LaunchScreen.storyboard */; };
		FCA2700E2B58277B00A059D0 /* NetworkManager.swift in Sources */ = {isa = PBXBuildFile; fileRef = FCA2700D2B58277B00A059D0 /* NetworkManager.swift */; };
		FCA270102B58339800A059D0 /* PrayerTimesModel.swift in Sources */ = {isa = PBXBuildFile; fileRef = FCA2700F2B58339800A059D0 /* PrayerTimesModel.swift */; };
		FCA270132B58357700A059D0 /* EncodeDecodeHelper.swift in Sources */ = {isa = PBXBuildFile; fileRef = FCA270122B58357700A059D0 /* EncodeDecodeHelper.swift */; };
		FCC0DED72B59B49B0091E301 /* Utilities.swift in Sources */ = {isa = PBXBuildFile; fileRef = FCC0DED62B59B49B0091E301 /* Utilities.swift */; };
		FCC0DEDA2B59C34D0091E301 /* PrayerTimingsTableViewCell.swift in Sources */ = {isa = PBXBuildFile; fileRef = FCC0DED92B59C34D0091E301 /* PrayerTimingsTableViewCell.swift */; };
		FCC0DEDC2B59C5870091E301 /* PrayerTimingsTableViewCellViewModel.swift in Sources */ = {isa = PBXBuildFile; fileRef = FCC0DEDB2B59C5870091E301 /* PrayerTimingsTableViewCellViewModel.swift */; };
/* End PBXBuildFile section */

/* Begin PBXFileReference section */
		FC1E10032B5DA367003CE9D8 /* LocationPrayerTimesViewController.swift */ = {isa = PBXFileReference; lastKnownFileType = sourcecode.swift; path = LocationPrayerTimesViewController.swift; sourceTree = "<group>"; };
		FC1E10052B5EBB82003CE9D8 /* HomeScreenView.swift */ = {isa = PBXFileReference; lastKnownFileType = sourcecode.swift; path = HomeScreenView.swift; sourceTree = "<group>"; };
		FCA26FCB2B573A3B00A059D0 /* PrayerTimes.app */ = {isa = PBXFileReference; explicitFileType = wrapper.application; includeInIndex = 0; path = PrayerTimes.app; sourceTree = BUILT_PRODUCTS_DIR; };
		FCA26FCE2B573A3B00A059D0 /* AppDelegate.swift */ = {isa = PBXFileReference; lastKnownFileType = sourcecode.swift; path = AppDelegate.swift; sourceTree = "<group>"; };
		FCA26FD02B573A3B00A059D0 /* SceneDelegate.swift */ = {isa = PBXFileReference; lastKnownFileType = sourcecode.swift; path = SceneDelegate.swift; sourceTree = "<group>"; };
		FCA26FD22B573A3B00A059D0 /* ViewController.swift */ = {isa = PBXFileReference; lastKnownFileType = sourcecode.swift; path = ViewController.swift; sourceTree = "<group>"; };
		FCA26FD52B573A3B00A059D0 /* Base */ = {isa = PBXFileReference; lastKnownFileType = file.storyboard; name = Base; path = Base.lproj/Main.storyboard; sourceTree = "<group>"; };
		FCA26FD82B573A3B00A059D0 /* PrayerTimes.xcdatamodel */ = {isa = PBXFileReference; lastKnownFileType = wrapper.xcdatamodel; path = PrayerTimes.xcdatamodel; sourceTree = "<group>"; };
		FCA26FDA2B573A3C00A059D0 /* Assets.xcassets */ = {isa = PBXFileReference; lastKnownFileType = folder.assetcatalog; path = Assets.xcassets; sourceTree = "<group>"; };
		FCA26FDD2B573A3C00A059D0 /* Base */ = {isa = PBXFileReference; lastKnownFileType = file.storyboard; name = Base; path = Base.lproj/LaunchScreen.storyboard; sourceTree = "<group>"; };
		FCA26FDF2B573A3C00A059D0 /* Info.plist */ = {isa = PBXFileReference; lastKnownFileType = text.plist.xml; path = Info.plist; sourceTree = "<group>"; };
		FCA2700D2B58277B00A059D0 /* NetworkManager.swift */ = {isa = PBXFileReference; lastKnownFileType = sourcecode.swift; path = NetworkManager.swift; sourceTree = "<group>"; };
		FCA2700F2B58339800A059D0 /* PrayerTimesModel.swift */ = {isa = PBXFileReference; lastKnownFileType = sourcecode.swift; path = PrayerTimesModel.swift; sourceTree = "<group>"; };
		FCA270122B58357700A059D0 /* EncodeDecodeHelper.swift */ = {isa = PBXFileReference; lastKnownFileType = sourcecode.swift; path = EncodeDecodeHelper.swift; sourceTree = "<group>"; };
		FCC0DED62B59B49B0091E301 /* Utilities.swift */ = {isa = PBXFileReference; lastKnownFileType = sourcecode.swift; path = Utilities.swift; sourceTree = "<group>"; };
		FCC0DED92B59C34D0091E301 /* PrayerTimingsTableViewCell.swift */ = {isa = PBXFileReference; lastKnownFileType = sourcecode.swift; path = PrayerTimingsTableViewCell.swift; sourceTree = "<group>"; };
		FCC0DEDB2B59C5870091E301 /* PrayerTimingsTableViewCellViewModel.swift */ = {isa = PBXFileReference; lastKnownFileType = sourcecode.swift; path = PrayerTimingsTableViewCellViewModel.swift; sourceTree = "<group>"; };
/* End PBXFileReference section */

/* Begin PBXFrameworksBuildPhase section */
		FCA26FC82B573A3B00A059D0 /* Frameworks */ = {
			isa = PBXFrameworksBuildPhase;
			buildActionMask = 2147483647;
			files = (
			);
			runOnlyForDeploymentPostprocessing = 0;
		};
/* End PBXFrameworksBuildPhase section */

/* Begin PBXGroup section */
		FCA26FC22B573A3B00A059D0 = {
			isa = PBXGroup;
			children = (
				FCA26FCD2B573A3B00A059D0 /* PrayerTimes */,
				FCA26FCC2B573A3B00A059D0 /* Products */,
			);
			sourceTree = "<group>";
		};
		FCA26FCC2B573A3B00A059D0 /* Products */ = {
			isa = PBXGroup;
			children = (
				FCA26FCB2B573A3B00A059D0 /* PrayerTimes.app */,
			);
			name = Products;
			sourceTree = "<group>";
		};
		FCA26FCD2B573A3B00A059D0 /* PrayerTimes */ = {
			isa = PBXGroup;
			children = (
				FCA2700C2B58275D00A059D0 /* Managers */,
				FCA2700A2B5826A100A059D0 /* ViewControllers */,
				FCC0DED82B59C1F40091E301 /* Views */,
				FCA270092B58269700A059D0 /* ViewModel */,
				FCA270082B58269000A059D0 /* Model */,
				FCC0DED52B59B48B0091E301 /* Utilities */,
				FCA270112B58356200A059D0 /* Helpers */,
				FCA2700B2B5826D200A059D0 /* Misc */,
				FCA26FDF2B573A3C00A059D0 /* Info.plist */,
				FCA26FD72B573A3B00A059D0 /* PrayerTimes.xcdatamodeld */,
			);
			path = PrayerTimes;
			sourceTree = "<group>";
		};
		FCA270082B58269000A059D0 /* Model */ = {
			isa = PBXGroup;
			children = (
				FCA2700F2B58339800A059D0 /* PrayerTimesModel.swift */,
			);
			path = Model;
			sourceTree = "<group>";
		};
		FCA270092B58269700A059D0 /* ViewModel */ = {
			isa = PBXGroup;
			children = (
				FCC0DEDB2B59C5870091E301 /* PrayerTimingsTableViewCellViewModel.swift */,
			);
			path = ViewModel;
			sourceTree = "<group>";
		};
		FCA2700A2B5826A100A059D0 /* ViewControllers */ = {
			isa = PBXGroup;
			children = (
				FCA26FD22B573A3B00A059D0 /* ViewController.swift */,
				FC1E10032B5DA367003CE9D8 /* LocationPrayerTimesViewController.swift */,
			);
			path = ViewControllers;
			sourceTree = "<group>";
		};
		FCA2700B2B5826D200A059D0 /* Misc */ = {
			isa = PBXGroup;
			children = (
				FCA26FCE2B573A3B00A059D0 /* AppDelegate.swift */,
				FCA26FD02B573A3B00A059D0 /* SceneDelegate.swift */,
				FCA26FDA2B573A3C00A059D0 /* Assets.xcassets */,
				FCA26FD42B573A3B00A059D0 /* Main.storyboard */,
				FCA26FDC2B573A3C00A059D0 /* LaunchScreen.storyboard */,
			);
			path = Misc;
			sourceTree = "<group>";
		};
		FCA2700C2B58275D00A059D0 /* Managers */ = {
			isa = PBXGroup;
			children = (
				FCA2700D2B58277B00A059D0 /* NetworkManager.swift */,
			);
			path = Managers;
			sourceTree = "<group>";
		};
		FCA270112B58356200A059D0 /* Helpers */ = {
			isa = PBXGroup;
			children = (
				FCA270122B58357700A059D0 /* EncodeDecodeHelper.swift */,
			);
			path = Helpers;
			sourceTree = "<group>";
		};
		FCC0DED52B59B48B0091E301 /* Utilities */ = {
			isa = PBXGroup;
			children = (
				FCC0DED62B59B49B0091E301 /* Utilities.swift */,
			);
			path = Utilities;
			sourceTree = "<group>";
		};
		FCC0DED82B59C1F40091E301 /* Views */ = {
			isa = PBXGroup;
			children = (
				FCC0DED92B59C34D0091E301 /* PrayerTimingsTableViewCell.swift */,
				FC1E10052B5EBB82003CE9D8 /* HomeScreenView.swift */,
			);
			path = Views;
			sourceTree = "<group>";
		};
/* End PBXGroup section */

/* Begin PBXNativeTarget section */
		FCA26FCA2B573A3B00A059D0 /* PrayerTimes */ = {
			isa = PBXNativeTarget;
			buildConfigurationList = FCA26FE22B573A3C00A059D0 /* Build configuration list for PBXNativeTarget "PrayerTimes" */;
			buildPhases = (
				FCA26FC72B573A3B00A059D0 /* Sources */,
				FCA26FC82B573A3B00A059D0 /* Frameworks */,
				FCA26FC92B573A3B00A059D0 /* Resources */,
			);
			buildRules = (
			);
			dependencies = (
			);
			name = PrayerTimes;
			productName = PrayerTimes;
			productReference = FCA26FCB2B573A3B00A059D0 /* PrayerTimes.app */;
			productType = "com.apple.product-type.application";
		};
/* End PBXNativeTarget section */

/* Begin PBXProject section */
		FCA26FC32B573A3B00A059D0 /* Project object */ = {
			isa = PBXProject;
			attributes = {
				BuildIndependentTargetsInParallel = 1;
				LastSwiftUpdateCheck = 1500;
				LastUpgradeCheck = 1500;
				TargetAttributes = {
					FCA26FCA2B573A3B00A059D0 = {
						CreatedOnToolsVersion = 15.0.1;
					};
				};
			};
			buildConfigurationList = FCA26FC62B573A3B00A059D0 /* Build configuration list for PBXProject "PrayerTimes" */;
			compatibilityVersion = "Xcode 14.0";
			developmentRegion = en;
			hasScannedForEncodings = 0;
			knownRegions = (
				en,
				Base,
			);
			mainGroup = FCA26FC22B573A3B00A059D0;
			productRefGroup = FCA26FCC2B573A3B00A059D0 /* Products */;
			projectDirPath = "";
			projectRoot = "";
			targets = (
				FCA26FCA2B573A3B00A059D0 /* PrayerTimes */,
			);
		};
/* End PBXProject section */

/* Begin PBXResourcesBuildPhase section */
		FCA26FC92B573A3B00A059D0 /* Resources */ = {
			isa = PBXResourcesBuildPhase;
			buildActionMask = 2147483647;
			files = (
				FCA26FDE2B573A3C00A059D0 /* LaunchScreen.storyboard in Resources */,
				FCA26FDB2B573A3C00A059D0 /* Assets.xcassets in Resources */,
				FCA26FD62B573A3B00A059D0 /* Main.storyboard in Resources */,
			);
			runOnlyForDeploymentPostprocessing = 0;
		};
/* End PBXResourcesBuildPhase section */

/* Begin PBXSourcesBuildPhase section */
		FCA26FC72B573A3B00A059D0 /* Sources */ = {
			isa = PBXSourcesBuildPhase;
			buildActionMask = 2147483647;
			files = (
				FCA26FD32B573A3B00A059D0 /* ViewController.swift in Sources */,
				FC1E10042B5DA367003CE9D8 /* LocationPrayerTimesViewController.swift in Sources */,
				FCC0DEDA2B59C34D0091E301 /* PrayerTimingsTableViewCell.swift in Sources */,
				FC1E10062B5EBB82003CE9D8 /* HomeScreenView.swift in Sources */,
				FCA26FD92B573A3B00A059D0 /* PrayerTimes.xcdatamodeld in Sources */,
				FCA2700E2B58277B00A059D0 /* NetworkManager.swift in Sources */,
				FCA270102B58339800A059D0 /* PrayerTimesModel.swift in Sources */,
				FCA270132B58357700A059D0 /* EncodeDecodeHelper.swift in Sources */,
				FCA26FCF2B573A3B00A059D0 /* AppDelegate.swift in Sources */,
				FCC0DED72B59B49B0091E301 /* Utilities.swift in Sources */,
				FCA26FD12B573A3B00A059D0 /* SceneDelegate.swift in Sources */,
				FCC0DEDC2B59C5870091E301 /* PrayerTimingsTableViewCellViewModel.swift in Sources */,
			);
			runOnlyForDeploymentPostprocessing = 0;
		};
/* End PBXSourcesBuildPhase section */

/* Begin PBXVariantGroup section */
		FCA26FD42B573A3B00A059D0 /* Main.storyboard */ = {
			isa = PBXVariantGroup;
			children = (
				FCA26FD52B573A3B00A059D0 /* Base */,
			);
			name = Main.storyboard;
			sourceTree = "<group>";
		};
		FCA26FDC2B573A3C00A059D0 /* LaunchScreen.storyboard */ = {
			isa = PBXVariantGroup;
			children = (
				FCA26FDD2B573A3C00A059D0 /* Base */,
			);
			name = LaunchScreen.storyboard;
			sourceTree = "<group>";
		};
/* End PBXVariantGroup section */

/* Begin XCBuildConfiguration section */
		FCA26FE02B573A3C00A059D0 /* Debug */ = {
			isa = XCBuildConfiguration;
			buildSettings = {
				ALWAYS_SEARCH_USER_PATHS = NO;
				ASSETCATALOG_COMPILER_GENERATE_SWIFT_ASSET_SYMBOL_EXTENSIONS = YES;
				CLANG_ANALYZER_NONNULL = YES;
				CLANG_ANALYZER_NUMBER_OBJECT_CONVERSION = YES_AGGRESSIVE;
				CLANG_CXX_LANGUAGE_STANDARD = "gnu++20";
				CLANG_ENABLE_MODULES = YES;
				CLANG_ENABLE_OBJC_ARC = YES;
				CLANG_ENABLE_OBJC_WEAK = YES;
				CLANG_WARN_BLOCK_CAPTURE_AUTORELEASING = YES;
				CLANG_WARN_BOOL_CONVERSION = YES;
				CLANG_WARN_COMMA = YES;
				CLANG_WARN_CONSTANT_CONVERSION = YES;
				CLANG_WARN_DEPRECATED_OBJC_IMPLEMENTATIONS = YES;
				CLANG_WARN_DIRECT_OBJC_ISA_USAGE = YES_ERROR;
				CLANG_WARN_DOCUMENTATION_COMMENTS = YES;
				CLANG_WARN_EMPTY_BODY = YES;
				CLANG_WARN_ENUM_CONVERSION = YES;
				CLANG_WARN_INFINITE_RECURSION = YES;
				CLANG_WARN_INT_CONVERSION = YES;
				CLANG_WARN_NON_LITERAL_NULL_CONVERSION = YES;
				CLANG_WARN_OBJC_IMPLICIT_RETAIN_SELF = YES;
				CLANG_WARN_OBJC_LITERAL_CONVERSION = YES;
				CLANG_WARN_OBJC_ROOT_CLASS = YES_ERROR;
				CLANG_WARN_QUOTED_INCLUDE_IN_FRAMEWORK_HEADER = YES;
				CLANG_WARN_RANGE_LOOP_ANALYSIS = YES;
				CLANG_WARN_STRICT_PROTOTYPES = YES;
				CLANG_WARN_SUSPICIOUS_MOVE = YES;
				CLANG_WARN_UNGUARDED_AVAILABILITY = YES_AGGRESSIVE;
				CLANG_WARN_UNREACHABLE_CODE = YES;
				CLANG_WARN__DUPLICATE_METHOD_MATCH = YES;
				COPY_PHASE_STRIP = NO;
				DEBUG_INFORMATION_FORMAT = dwarf;
				ENABLE_STRICT_OBJC_MSGSEND = YES;
				ENABLE_TESTABILITY = YES;
				ENABLE_USER_SCRIPT_SANDBOXING = YES;
				GCC_C_LANGUAGE_STANDARD = gnu17;
				GCC_DYNAMIC_NO_PIC = NO;
				GCC_NO_COMMON_BLOCKS = YES;
				GCC_OPTIMIZATION_LEVEL = 0;
				GCC_PREPROCESSOR_DEFINITIONS = (
					"DEBUG=1",
					"$(inherited)",
				);
				GCC_WARN_64_TO_32_BIT_CONVERSION = YES;
				GCC_WARN_ABOUT_RETURN_TYPE = YES_ERROR;
				GCC_WARN_UNDECLARED_SELECTOR = YES;
				GCC_WARN_UNINITIALIZED_AUTOS = YES_AGGRESSIVE;
				GCC_WARN_UNUSED_FUNCTION = YES;
				GCC_WARN_UNUSED_VARIABLE = YES;
				IPHONEOS_DEPLOYMENT_TARGET = 17.0;
				LOCALIZATION_PREFERS_STRING_CATALOGS = YES;
				MTL_ENABLE_DEBUG_INFO = INCLUDE_SOURCE;
				MTL_FAST_MATH = YES;
				ONLY_ACTIVE_ARCH = YES;
				SDKROOT = iphoneos;
				SWIFT_ACTIVE_COMPILATION_CONDITIONS = "DEBUG $(inherited)";
				SWIFT_OPTIMIZATION_LEVEL = "-Onone";
			};
			name = Debug;
		};
		FCA26FE12B573A3C00A059D0 /* Release */ = {
			isa = XCBuildConfiguration;
			buildSettings = {
				ALWAYS_SEARCH_USER_PATHS = NO;
				ASSETCATALOG_COMPILER_GENERATE_SWIFT_ASSET_SYMBOL_EXTENSIONS = YES;
				CLANG_ANALYZER_NONNULL = YES;
				CLANG_ANALYZER_NUMBER_OBJECT_CONVERSION = YES_AGGRESSIVE;
				CLANG_CXX_LANGUAGE_STANDARD = "gnu++20";
				CLANG_ENABLE_MODULES = YES;
				CLANG_ENABLE_OBJC_ARC = YES;
				CLANG_ENABLE_OBJC_WEAK = YES;
				CLANG_WARN_BLOCK_CAPTURE_AUTORELEASING = YES;
				CLANG_WARN_BOOL_CONVERSION = YES;
				CLANG_WARN_COMMA = YES;
				CLANG_WARN_CONSTANT_CONVERSION = YES;
				CLANG_WARN_DEPRECATED_OBJC_IMPLEMENTATIONS = YES;
				CLANG_WARN_DIRECT_OBJC_ISA_USAGE = YES_ERROR;
				CLANG_WARN_DOCUMENTATION_COMMENTS = YES;
				CLANG_WARN_EMPTY_BODY = YES;
				CLANG_WARN_ENUM_CONVERSION = YES;
				CLANG_WARN_INFINITE_RECURSION = YES;
				CLANG_WARN_INT_CONVERSION = YES;
				CLANG_WARN_NON_LITERAL_NULL_CONVERSION = YES;
				CLANG_WARN_OBJC_IMPLICIT_RETAIN_SELF = YES;
				CLANG_WARN_OBJC_LITERAL_CONVERSION = YES;
				CLANG_WARN_OBJC_ROOT_CLASS = YES_ERROR;
				CLANG_WARN_QUOTED_INCLUDE_IN_FRAMEWORK_HEADER = YES;
				CLANG_WARN_RANGE_LOOP_ANALYSIS = YES;
				CLANG_WARN_STRICT_PROTOTYPES = YES;
				CLANG_WARN_SUSPICIOUS_MOVE = YES;
				CLANG_WARN_UNGUARDED_AVAILABILITY = YES_AGGRESSIVE;
				CLANG_WARN_UNREACHABLE_CODE = YES;
				CLANG_WARN__DUPLICATE_METHOD_MATCH = YES;
				COPY_PHASE_STRIP = NO;
				DEBUG_INFORMATION_FORMAT = "dwarf-with-dsym";
				ENABLE_NS_ASSERTIONS = NO;
				ENABLE_STRICT_OBJC_MSGSEND = YES;
				ENABLE_USER_SCRIPT_SANDBOXING = YES;
				GCC_C_LANGUAGE_STANDARD = gnu17;
				GCC_NO_COMMON_BLOCKS = YES;
				GCC_WARN_64_TO_32_BIT_CONVERSION = YES;
				GCC_WARN_ABOUT_RETURN_TYPE = YES_ERROR;
				GCC_WARN_UNDECLARED_SELECTOR = YES;
				GCC_WARN_UNINITIALIZED_AUTOS = YES_AGGRESSIVE;
				GCC_WARN_UNUSED_FUNCTION = YES;
				GCC_WARN_UNUSED_VARIABLE = YES;
				IPHONEOS_DEPLOYMENT_TARGET = 17.0;
				LOCALIZATION_PREFERS_STRING_CATALOGS = YES;
				MTL_ENABLE_DEBUG_INFO = NO;
				MTL_FAST_MATH = YES;
				SDKROOT = iphoneos;
				SWIFT_COMPILATION_MODE = wholemodule;
				VALIDATE_PRODUCT = YES;
			};
			name = Release;
		};
		FCA26FE32B573A3C00A059D0 /* Debug */ = {
			isa = XCBuildConfiguration;
			buildSettings = {
				ASSETCATALOG_COMPILER_APPICON_NAME = AppIcon;
				ASSETCATALOG_COMPILER_GLOBAL_ACCENT_COLOR_NAME = AccentColor;
				CODE_SIGN_STYLE = Automatic;
				CURRENT_PROJECT_VERSION = 1;
				DEVELOPMENT_TEAM = 8NL63WFM7T;
				GENERATE_INFOPLIST_FILE = YES;
				INFOPLIST_FILE = PrayerTimes/Info.plist;
				INFOPLIST_KEY_UIApplicationSupportsIndirectInputEvents = YES;
				INFOPLIST_KEY_UILaunchStoryboardName = LaunchScreen;
				INFOPLIST_KEY_UIMainStoryboardFile = Main;
				INFOPLIST_KEY_UISupportedInterfaceOrientations_iPad = "UIInterfaceOrientationPortrait UIInterfaceOrientationPortraitUpsideDown UIInterfaceOrientationLandscapeLeft UIInterfaceOrientationLandscapeRight";
				INFOPLIST_KEY_UISupportedInterfaceOrientations_iPhone = "UIInterfaceOrientationPortrait UIInterfaceOrientationLandscapeLeft UIInterfaceOrientationLandscapeRight";
				LD_RUNPATH_SEARCH_PATHS = (
					"$(inherited)",
					"@executable_path/Frameworks",
				);
				MARKETING_VERSION = 1.0;
				PRODUCT_BUNDLE_IDENTIFIER = com.alisiddiqui.PrayerTimes;
				PRODUCT_NAME = "$(TARGET_NAME)";
				SWIFT_EMIT_LOC_STRINGS = YES;
				SWIFT_VERSION = 5.0;
				TARGETED_DEVICE_FAMILY = "1,2";
			};
			name = Debug;
		};
		FCA26FE42B573A3C00A059D0 /* Release */ = {
			isa = XCBuildConfiguration;
			buildSettings = {
				ASSETCATALOG_COMPILER_APPICON_NAME = AppIcon;
				ASSETCATALOG_COMPILER_GLOBAL_ACCENT_COLOR_NAME = AccentColor;
				CODE_SIGN_STYLE = Automatic;
				CURRENT_PROJECT_VERSION = 1;
				DEVELOPMENT_TEAM = 8NL63WFM7T;
				GENERATE_INFOPLIST_FILE = YES;
				INFOPLIST_FILE = PrayerTimes/Info.plist;
				INFOPLIST_KEY_UIApplicationSupportsIndirectInputEvents = YES;
				INFOPLIST_KEY_UILaunchStoryboardName = LaunchScreen;
				INFOPLIST_KEY_UIMainStoryboardFile = Main;
				INFOPLIST_KEY_UISupportedInterfaceOrientations_iPad = "UIInterfaceOrientationPortrait UIInterfaceOrientationPortraitUpsideDown UIInterfaceOrientationLandscapeLeft UIInterfaceOrientationLandscapeRight";
				INFOPLIST_KEY_UISupportedInterfaceOrientations_iPhone = "UIInterfaceOrientationPortrait UIInterfaceOrientationLandscapeLeft UIInterfaceOrientationLandscapeRight";
				LD_RUNPATH_SEARCH_PATHS = (
					"$(inherited)",
					"@executable_path/Frameworks",
				);
				MARKETING_VERSION = 1.0;
				PRODUCT_BUNDLE_IDENTIFIER = com.alisiddiqui.PrayerTimes;
				PRODUCT_NAME = "$(TARGET_NAME)";
				SWIFT_EMIT_LOC_STRINGS = YES;
				SWIFT_VERSION = 5.0;
				TARGETED_DEVICE_FAMILY = "1,2";
			};
			name = Release;
		};
/* End XCBuildConfiguration section */

/* Begin XCConfigurationList section */
		FCA26FC62B573A3B00A059D0 /* Build configuration list for PBXProject "PrayerTimes" */ = {
			isa = XCConfigurationList;
			buildConfigurations = (
				FCA26FE02B573A3C00A059D0 /* Debug */,
				FCA26FE12B573A3C00A059D0 /* Release */,
			);
			defaultConfigurationIsVisible = 0;
			defaultConfigurationName = Release;
		};
		FCA26FE22B573A3C00A059D0 /* Build configuration list for PBXNativeTarget "PrayerTimes" */ = {
			isa = XCConfigurationList;
			buildConfigurations = (
				FCA26FE32B573A3C00A059D0 /* Debug */,
				FCA26FE42B573A3C00A059D0 /* Release */,
			);
			defaultConfigurationIsVisible = 0;
			defaultConfigurationName = Release;
		};
/* End XCConfigurationList section */

/* Begin XCVersionGroup section */
		FCA26FD72B573A3B00A059D0 /* PrayerTimes.xcdatamodeld */ = {
			isa = XCVersionGroup;
			children = (
				FCA26FD82B573A3B00A059D0 /* PrayerTimes.xcdatamodel */,
			);
			currentVersion = FCA26FD82B573A3B00A059D0 /* PrayerTimes.xcdatamodel */;
			path = PrayerTimes.xcdatamodeld;
			sourceTree = "<group>";
			versionGroupType = wrapper.xcdatamodel;
		};
/* End XCVersionGroup section */
	};
	rootObject = FCA26FC32B573A3B00A059D0 /* Project object */;
}
